
Microsoft Visual Studio Solution File, Format Version 12.00
# Visual Studio Version 16
VisualStudioVersion = 16.0.31129.286
MinimumVisualStudioVersion = 10.0.40219.1
Project("{FAE04EC0-301F-11D3-BF4B-00C04F79EFBC}") = "HelloWindowsForms", "HelloWindowsForms.csproj", "{480D4BBE-D26E-4D76-BC56-475F7FF3EF58}"
EndProject
Global
	GlobalSection(SolutionConfigurationPlatforms) = preSolution
		Debug|Any CPU = Debug|Any CPU
		Release|Any CPU = Release|Any CPU
	EndGlobalSection
	GlobalSection(ProjectConfigurationPlatforms) = postSolution
		{480D4BBE-D26E-4D76-BC56-475F7FF3EF58}.Debug|Any CPU.ActiveCfg = Debug|Any CPU
		{480D4BBE-D26E-4D76-BC56-475F7FF3EF58}.Debug|Any CPU.Build.0 = Debug|Any CPU
		{480D4BBE-D26E-4D76-BC56-475F7FF3EF58}.Release|Any CPU.ActiveCfg = Release|Any CPU
		{480D4BBE-D26E-4D76-BC56-475F7FF3EF58}.Release|Any CPU.Build.0 = Release|Any CPU
	EndGlobalSection
	GlobalSection(SolutionProperties) = preSolution
		HideSolutionNode = FALSE
	EndGlobalSection
	GlobalSection(ExtensibilityGlobals) = postSolution
		SolutionGuid = {C61B60AF-EE55-450D-967E-D44BD3D1DE77}
	EndGlobalSection
EndGlobal
